
Microsoft Visual Studio Solution File, Format Version 12.00
# Visual Studio Version 16
VisualStudioVersion = 16.0.31105.61
MinimumVisualStudioVersion = 10.0.40219.1
Project("{FAE04EC0-301F-11D3-BF4B-00C04F79EFBC}") = "projektMVC", "projektMVC\projektMVC.csproj", "{8D1B586E-AD01-43BF-9D9A-4373D98D67DB}"
EndProject
Global
	GlobalSection(SolutionConfigurationPlatforms) = preSolution
		Debug|Any CPU = Debug|Any CPU
		Release|Any CPU = Release|Any CPU
	EndGlobalSection
	GlobalSection(ProjectConfigurationPlatforms) = postSolution
		{8D1B586E-AD01-43BF-9D9A-4373D98D67DB}.Debug|Any CPU.ActiveCfg = Debug|Any CPU
		{8D1B586E-AD01-43BF-9D9A-4373D98D67DB}.Debug|Any CPU.Build.0 = Debug|Any CPU
		{8D1B586E-AD01-43BF-9D9A-4373D98D67DB}.Release|Any CPU.ActiveCfg = Release|Any CPU
		{8D1B586E-AD01-43BF-9D9A-4373D98D67DB}.Release|Any CPU.Build.0 = Release|Any CPU
	EndGlobalSection
	GlobalSection(SolutionProperties) = preSolution
		HideSolutionNode = FALSE
	EndGlobalSection
	GlobalSection(ExtensibilityGlobals) = postSolution
		SolutionGuid = {027343D3-B8F3-4DD1-BEB6-ADE4E6786CED}
	EndGlobalSection
EndGlobal
